{
  "object": {
    "pins": [
      {
        "package": "MIODB",
        "repositoryURL": "https://github.com/miolabs/MIODB.git",
        "state": {
          "branch": "master",
          "revision": "b3600c9a46a2458e42e5edb4ecf88032fb1b0051",
          "version": null
        }
      }
    ]
  },
  "version": 1
}
